// !$*UTF8*$!
{
	archiveVersion = 1;
	classes = {
	};
	objectVersion = 46;
	objects = {

/* Begin PBXBuildFile section */
		6E164B841989C0110063F3FE /* WSMDynamicLogo.m in Sources */ = {isa = PBXBuildFile; fileRef = 6E164B6D1989C0110063F3FE /* WSMDynamicLogo.m */; };
		6E164B851989C0110063F3FE /* WSMDynamicLogo.m in Sources */ = {isa = PBXBuildFile; fileRef = 6E164B6D1989C0110063F3FE /* WSMDynamicLogo.m */; };
		6E164B861989C0110063F3FE /* WSMButton.m in Sources */ = {isa = PBXBuildFile; fileRef = 6E164B6F1989C0110063F3FE /* WSMButton.m */; };
		6E164B871989C0110063F3FE /* WSMButton.m in Sources */ = {isa = PBXBuildFile; fileRef = 6E164B6F1989C0110063F3FE /* WSMButton.m */; };
		6E164B881989C0110063F3FE /* WSMPageViewController.m in Sources */ = {isa = PBXBuildFile; fileRef = 6E164B711989C0110063F3FE /* WSMPageViewController.m */; };
		6E164B891989C0110063F3FE /* WSMPageViewController.m in Sources */ = {isa = PBXBuildFile; fileRef = 6E164B711989C0110063F3FE /* WSMPageViewController.m */; };
		6E164B8A1989C0110063F3FE /* WSMLogger.m in Sources */ = {isa = PBXBuildFile; fileRef = 6E164B741989C0110063F3FE /* WSMLogger.m */; };
		6E164B8B1989C0110063F3FE /* WSMLogger.m in Sources */ = {isa = PBXBuildFile; fileRef = 6E164B741989C0110063F3FE /* WSMLogger.m */; };
		6E164B8C1989C0110063F3FE /* WSMAppDelegate+WSMUtilities.m in Sources */ = {isa = PBXBuildFile; fileRef = 6E164B771989C0110063F3FE /* WSMAppDelegate+WSMUtilities.m */; };
		6E164B8D1989C0110063F3FE /* WSMAppDelegate+WSMUtilities.m in Sources */ = {isa = PBXBuildFile; fileRef = 6E164B771989C0110063F3FE /* WSMAppDelegate+WSMUtilities.m */; };
		6E164B8E1989C0110063F3FE /* WSMColorPalette.m in Sources */ = {isa = PBXBuildFile; fileRef = 6E164B791989C0110063F3FE /* WSMColorPalette.m */; };
		6E164B8F1989C0110063F3FE /* WSMColorPalette.m in Sources */ = {isa = PBXBuildFile; fileRef = 6E164B791989C0110063F3FE /* WSMColorPalette.m */; };
		6E164B901989C0110063F3FE /* UIAlertView+WSMUtilities.m in Sources */ = {isa = PBXBuildFile; fileRef = 6E164B7B1989C0110063F3FE /* UIAlertView+WSMUtilities.m */; };
		6E164B911989C0110063F3FE /* UIAlertView+WSMUtilities.m in Sources */ = {isa = PBXBuildFile; fileRef = 6E164B7B1989C0110063F3FE /* UIAlertView+WSMUtilities.m */; };
		6E164B921989C0110063F3FE /* NSDate+WSMUtilities.m in Sources */ = {isa = PBXBuildFile; fileRef = 6E164B7D1989C0110063F3FE /* NSDate+WSMUtilities.m */; };
		6E164B931989C0110063F3FE /* NSDate+WSMUtilities.m in Sources */ = {isa = PBXBuildFile; fileRef = 6E164B7D1989C0110063F3FE /* NSDate+WSMUtilities.m */; };
		6E164B941989C0110063F3FE /* NSObject+WSMUtilities.m in Sources */ = {isa = PBXBuildFile; fileRef = 6E164B7F1989C0110063F3FE /* NSObject+WSMUtilities.m */; };
		6E164B951989C0110063F3FE /* NSObject+WSMUtilities.m in Sources */ = {isa = PBXBuildFile; fileRef = 6E164B7F1989C0110063F3FE /* NSObject+WSMUtilities.m */; };
		6E164B961989C0110063F3FE /* NSObject+WSMBackgrounding.m in Sources */ = {isa = PBXBuildFile; fileRef = 6E164B811989C0110063F3FE /* NSObject+WSMBackgrounding.m */; };
		6E164B971989C0110063F3FE /* NSObject+WSMBackgrounding.m in Sources */ = {isa = PBXBuildFile; fileRef = 6E164B811989C0110063F3FE /* NSObject+WSMBackgrounding.m */; };
		6E164B981989C0110063F3FE /* CBLDatabase+WSMUtilities.m in Sources */ = {isa = PBXBuildFile; fileRef = 6E164B831989C0110063F3FE /* CBLDatabase+WSMUtilities.m */; };
		6E164B991989C0110063F3FE /* CBLDatabase+WSMUtilities.m in Sources */ = {isa = PBXBuildFile; fileRef = 6E164B831989C0110063F3FE /* CBLDatabase+WSMUtilities.m */; };
		6E164BA51989C2120063F3FE /* WSMUserManager.m in Sources */ = {isa = PBXBuildFile; fileRef = 6E164B9E1989C2120063F3FE /* WSMUserManager.m */; };
		6E164BA61989C2120063F3FE /* WSMUserManager.m in Sources */ = {isa = PBXBuildFile; fileRef = 6E164B9E1989C2120063F3FE /* WSMUserManager.m */; };
		6E164BA71989C2120063F3FE /* WSMAdvertiser.m in Sources */ = {isa = PBXBuildFile; fileRef = 6E164BA01989C2120063F3FE /* WSMAdvertiser.m */; };
		6E164BA81989C2120063F3FE /* WSMAdvertiser.m in Sources */ = {isa = PBXBuildFile; fileRef = 6E164BA01989C2120063F3FE /* WSMAdvertiser.m */; };
		6E164BA91989C2120063F3FE /* WSMScanner.m in Sources */ = {isa = PBXBuildFile; fileRef = 6E164BA21989C2120063F3FE /* WSMScanner.m */; };
		6E164BAA1989C2120063F3FE /* WSMScanner.m in Sources */ = {isa = PBXBuildFile; fileRef = 6E164BA21989C2120063F3FE /* WSMScanner.m */; };
		6E164BAB1989C2120063F3FE /* WSMLayerManager.m in Sources */ = {isa = PBXBuildFile; fileRef = 6E164BA41989C2120063F3FE /* WSMLayerManager.m */; };
		6E164BAC1989C2120063F3FE /* WSMLayerManager.m in Sources */ = {isa = PBXBuildFile; fileRef = 6E164BA41989C2120063F3FE /* WSMLayerManager.m */; };
		6E164BB01989C3210063F3FE /* WSMUser.m in Sources */ = {isa = PBXBuildFile; fileRef = 6E164BAF1989C3210063F3FE /* WSMUser.m */; };
		6E164BB11989C3210063F3FE /* WSMUser.m in Sources */ = {isa = PBXBuildFile; fileRef = 6E164BAF1989C3210063F3FE /* WSMUser.m */; };
		6E164BB41989C3880063F3FE /* WSMModel.m in Sources */ = {isa = PBXBuildFile; fileRef = 6E164BB31989C3880063F3FE /* WSMModel.m */; };
		6E164BB51989C3880063F3FE /* WSMModel.m in Sources */ = {isa = PBXBuildFile; fileRef = 6E164BB31989C3880063F3FE /* WSMModel.m */; };
		6E164BB91989D83C0063F3FE /* MapKit.framework in Frameworks */ = {isa = PBXBuildFile; fileRef = 6E164BB81989D83C0063F3FE /* MapKit.framework */; };
		6E212DE21989EA75004D2FF6 /* Main.storyboard in Resources */ = {isa = PBXBuildFile; fileRef = 6E212DE11989EA75004D2FF6 /* Main.storyboard */; };
		6E212DE31989EA75004D2FF6 /* Main.storyboard in Resources */ = {isa = PBXBuildFile; fileRef = 6E212DE11989EA75004D2FF6 /* Main.storyboard */; };
		6E212DE61989EDC0004D2FF6 /* WSMAuthViewController.m in Sources */ = {isa = PBXBuildFile; fileRef = 6E212DE51989EDC0004D2FF6 /* WSMAuthViewController.m */; };
		6E212DE71989EDC0004D2FF6 /* WSMAuthViewController.m in Sources */ = {isa = PBXBuildFile; fileRef = 6E212DE51989EDC0004D2FF6 /* WSMAuthViewController.m */; };
		6E212DEE1989F2AB004D2FF6 /* WSMEditableTableViewCell.m in Sources */ = {isa = PBXBuildFile; fileRef = 6E212DED1989F2AB004D2FF6 /* WSMEditableTableViewCell.m */; };
		6E212DEF1989F2AB004D2FF6 /* WSMEditableTableViewCell.m in Sources */ = {isa = PBXBuildFile; fileRef = 6E212DED1989F2AB004D2FF6 /* WSMEditableTableViewCell.m */; };
		6E212DF11989F2BC004D2FF6 /* WSMEditableTableViewCell.xib in Resources */ = {isa = PBXBuildFile; fileRef = 6E212DF01989F2BC004D2FF6 /* WSMEditableTableViewCell.xib */; };
		6E212DF21989F2BC004D2FF6 /* WSMEditableTableViewCell.xib in Resources */ = {isa = PBXBuildFile; fileRef = 6E212DF01989F2BC004D2FF6 /* WSMEditableTableViewCell.xib */; };
		6E73ECBE198DD748005852EE /* WSMNearbyUsersTableViewController.m in Sources */ = {isa = PBXBuildFile; fileRef = 6E73ECBD198DD748005852EE /* WSMNearbyUsersTableViewController.m */; };
		6E73ECBF198DD748005852EE /* WSMNearbyUsersTableViewController.m in Sources */ = {isa = PBXBuildFile; fileRef = 6E73ECBD198DD748005852EE /* WSMNearbyUsersTableViewController.m */; };
		6E73ECC3198DD754005852EE /* WSMUserTableViewCell.m in Sources */ = {isa = PBXBuildFile; fileRef = 6E73ECC1198DD754005852EE /* WSMUserTableViewCell.m */; };
		6E73ECC4198DD754005852EE /* WSMUserTableViewCell.m in Sources */ = {isa = PBXBuildFile; fileRef = 6E73ECC1198DD754005852EE /* WSMUserTableViewCell.m */; };
		6E73ECC5198DD754005852EE /* WSMUserTableViewCell.xib in Resources */ = {isa = PBXBuildFile; fileRef = 6E73ECC2198DD754005852EE /* WSMUserTableViewCell.xib */; };
		6E73ECC6198DD754005852EE /* WSMUserTableViewCell.xib in Resources */ = {isa = PBXBuildFile; fileRef = 6E73ECC2198DD754005852EE /* WSMUserTableViewCell.xib */; };
		6E73ECC9198DE078005852EE /* WSMUserProfileViewController.m in Sources */ = {isa = PBXBuildFile; fileRef = 6E73ECC8198DE078005852EE /* WSMUserProfileViewController.m */; };
		6E73ECCA198DE078005852EE /* WSMUserProfileViewController.m in Sources */ = {isa = PBXBuildFile; fileRef = 6E73ECC8198DE078005852EE /* WSMUserProfileViewController.m */; };
		6EAB90BB1989BE7500FF6426 /* SystemConfiguration.framework in Frameworks */ = {isa = PBXBuildFile; fileRef = 6EAB90BA1989BE7500FF6426 /* SystemConfiguration.framework */; };
		6EAB90BD1989BE7B00FF6426 /* Security.framework in Frameworks */ = {isa = PBXBuildFile; fileRef = 6EAB90BC1989BE7B00FF6426 /* Security.framework */; };
		6EAB90BF1989BE8500FF6426 /* libz.dylib in Frameworks */ = {isa = PBXBuildFile; fileRef = 6EAB90BE1989BE8500FF6426 /* libz.dylib */; };
		6EAB90C11989BE8F00FF6426 /* libsqlite3.dylib in Frameworks */ = {isa = PBXBuildFile; fileRef = 6EAB90C01989BE8F00FF6426 /* libsqlite3.dylib */; };
		6EAB90C31989BEC300FF6426 /* CoreData.framework in Frameworks */ = {isa = PBXBuildFile; fileRef = 6EAB90C21989BEC300FF6426 /* CoreData.framework */; };
		6EAB90C51989BECD00FF6426 /* AddressBook.framework in Frameworks */ = {isa = PBXBuildFile; fileRef = 6EAB90C41989BECD00FF6426 /* AddressBook.framework */; };
		6EAB90C71989BEEF00FF6426 /* CFNetwork.framework in Frameworks */ = {isa = PBXBuildFile; fileRef = 6EAB90C61989BEEF00FF6426 /* CFNetwork.framework */; };
		6EAB90C91989BEF900FF6426 /* SpriteKit.framework in Frameworks */ = {isa = PBXBuildFile; fileRef = 6EAB90C81989BEF900FF6426 /* SpriteKit.framework */; };
		6EAB90CB1989BF0400FF6426 /* CoreBluetooth.framework in Frameworks */ = {isa = PBXBuildFile; fileRef = 6EAB90CA1989BF0400FF6426 /* CoreBluetooth.framework */; };
		6EAB90CF1989BF7D00FF6426 /* LayerKit.bundle in Resources */ = {isa = PBXBuildFile; fileRef = 6EAB90CD1989BF7D00FF6426 /* LayerKit.bundle */; };
		6EAB90D01989BF7D00FF6426 /* LayerKit.bundle in Resources */ = {isa = PBXBuildFile; fileRef = 6EAB90CD1989BF7D00FF6426 /* LayerKit.bundle */; };
		6EAB90D11989BF7D00FF6426 /* LayerKit.framework in Frameworks */ = {isa = PBXBuildFile; fileRef = 6EAB90CE1989BF7D00FF6426 /* LayerKit.framework */; };
		6EAB90D21989BF7D00FF6426 /* LayerKit.framework in Frameworks */ = {isa = PBXBuildFile; fileRef = 6EAB90CE1989BF7D00FF6426 /* LayerKit.framework */; };
		6EAB90D41989BF8B00FF6426 /* CouchbaseLite.framework in Frameworks */ = {isa = PBXBuildFile; fileRef = 6EAB90D31989BF8B00FF6426 /* CouchbaseLite.framework */; };
		6EAB90D51989BF8B00FF6426 /* CouchbaseLite.framework in Frameworks */ = {isa = PBXBuildFile; fileRef = 6EAB90D31989BF8B00FF6426 /* CouchbaseLite.framework */; };
		6EACBBBB1989B7980020FB67 /* Foundation.framework in Frameworks */ = {isa = PBXBuildFile; fileRef = 6EACBBBA1989B7980020FB67 /* Foundation.framework */; };
		6EACBBBD1989B7980020FB67 /* CoreGraphics.framework in Frameworks */ = {isa = PBXBuildFile; fileRef = 6EACBBBC1989B7980020FB67 /* CoreGraphics.framework */; };
		6EACBBBF1989B7980020FB67 /* UIKit.framework in Frameworks */ = {isa = PBXBuildFile; fileRef = 6EACBBBE1989B7980020FB67 /* UIKit.framework */; };
		6EACBBC51989B7980020FB67 /* InfoPlist.strings in Resources */ = {isa = PBXBuildFile; fileRef = 6EACBBC31989B7980020FB67 /* InfoPlist.strings */; };
		6EACBBC71989B7980020FB67 /* main.m in Sources */ = {isa = PBXBuildFile; fileRef = 6EACBBC61989B7980020FB67 /* main.m */; };
		6EACBBCB1989B7980020FB67 /* WSMUIAppDelegate.m in Sources */ = {isa = PBXBuildFile; fileRef = 6EACBBCA1989B7980020FB67 /* WSMUIAppDelegate.m */; };
		6EACBBCD1989B7980020FB67 /* Images.xcassets in Resources */ = {isa = PBXBuildFile; fileRef = 6EACBBCC1989B7980020FB67 /* Images.xcassets */; };
		6EACBBD41989B7980020FB67 /* XCTest.framework in Frameworks */ = {isa = PBXBuildFile; fileRef = 6EACBBD31989B7980020FB67 /* XCTest.framework */; };
		6EACBBD51989B7980020FB67 /* Foundation.framework in Frameworks */ = {isa = PBXBuildFile; fileRef = 6EACBBBA1989B7980020FB67 /* Foundation.framework */; };
		6EACBBD61989B7980020FB67 /* UIKit.framework in Frameworks */ = {isa = PBXBuildFile; fileRef = 6EACBBBE1989B7980020FB67 /* UIKit.framework */; };
		6EACBBDE1989B7980020FB67 /* InfoPlist.strings in Resources */ = {isa = PBXBuildFile; fileRef = 6EACBBDC1989B7980020FB67 /* InfoPlist.strings */; };
		6EACBBE01989B7980020FB67 /* MeshTests.m in Sources */ = {isa = PBXBuildFile; fileRef = 6EACBBDF1989B7980020FB67 /* MeshTests.m */; };
		6EE63989198A3119004EFCF2 /* UIImage+WSMUtilities.m in Sources */ = {isa = PBXBuildFile; fileRef = 6EE63988198A3119004EFCF2 /* UIImage+WSMUtilities.m */; };
		6EE6398A198A3119004EFCF2 /* UIImage+WSMUtilities.m in Sources */ = {isa = PBXBuildFile; fileRef = 6EE63988198A3119004EFCF2 /* UIImage+WSMUtilities.m */; };
		6EE6398D198A393A004EFCF2 /* WSMBootViewController.m in Sources */ = {isa = PBXBuildFile; fileRef = 6EE6398C198A393A004EFCF2 /* WSMBootViewController.m */; };
		6EE6398E198A393A004EFCF2 /* WSMBootViewController.m in Sources */ = {isa = PBXBuildFile; fileRef = 6EE6398C198A393A004EFCF2 /* WSMBootViewController.m */; };
		6EE63990198A40F1004EFCF2 /* CoreText.framework in Frameworks */ = {isa = PBXBuildFile; fileRef = 6EE6398F198A40F1004EFCF2 /* CoreText.framework */; };
		6EE63993198A44C3004EFCF2 /* WSMMeshLogoButton.m in Sources */ = {isa = PBXBuildFile; fileRef = 6EE63992198A44C3004EFCF2 /* WSMMeshLogoButton.m */; };
		6EE63994198A44C3004EFCF2 /* WSMMeshLogoButton.m in Sources */ = {isa = PBXBuildFile; fileRef = 6EE63992198A44C3004EFCF2 /* WSMMeshLogoButton.m */; };
		6EE63997198AFD19004EFCF2 /* WSMViewController.m in Sources */ = {isa = PBXBuildFile; fileRef = 6EE63996198AFD19004EFCF2 /* WSMViewController.m */; };
		6EE63998198AFD19004EFCF2 /* WSMViewController.m in Sources */ = {isa = PBXBuildFile; fileRef = 6EE63996198AFD19004EFCF2 /* WSMViewController.m */; };
		6EE6399B198B0A5F004EFCF2 /* WSMCameraButton.m in Sources */ = {isa = PBXBuildFile; fileRef = 6EE6399A198B0A5F004EFCF2 /* WSMCameraButton.m */; };
		6EE6399C198B0A5F004EFCF2 /* WSMCameraButton.m in Sources */ = {isa = PBXBuildFile; fileRef = 6EE6399A198B0A5F004EFCF2 /* WSMCameraButton.m */; };
		EAF5B7E2B6DF49B79C350360 /* libPods.a in Frameworks */ = {isa = PBXBuildFile; fileRef = E0592DF67A1F4758BA283D75 /* libPods.a */; };
/* End PBXBuildFile section */

/* Begin PBXContainerItemProxy section */
		6EACBBD71989B7980020FB67 /* PBXContainerItemProxy */ = {
			isa = PBXContainerItemProxy;
			containerPortal = 6EACBBAF1989B7980020FB67 /* Project object */;
			proxyType = 1;
			remoteGlobalIDString = 6EACBBB61989B7980020FB67;
			remoteInfo = Mesh;
		};
/* End PBXContainerItemProxy section */

/* Begin PBXFileReference section */
		6E164B6C1989C0110063F3FE /* WSMDynamicLogo.h */ = {isa = PBXFileReference; fileEncoding = 4; lastKnownFileType = sourcecode.c.h; path = WSMDynamicLogo.h; sourceTree = "<group>"; };
		6E164B6D1989C0110063F3FE /* WSMDynamicLogo.m */ = {isa = PBXFileReference; fileEncoding = 4; lastKnownFileType = sourcecode.c.objc; path = WSMDynamicLogo.m; sourceTree = "<group>"; };
		6E164B6E1989C0110063F3FE /* WSMButton.h */ = {isa = PBXFileReference; fileEncoding = 4; lastKnownFileType = sourcecode.c.h; path = WSMButton.h; sourceTree = "<group>"; };
		6E164B6F1989C0110063F3FE /* WSMButton.m */ = {isa = PBXFileReference; fileEncoding = 4; lastKnownFileType = sourcecode.c.objc; path = WSMButton.m; sourceTree = "<group>"; };
		6E164B701989C0110063F3FE /* WSMPageViewController.h */ = {isa = PBXFileReference; fileEncoding = 4; lastKnownFileType = sourcecode.c.h; path = WSMPageViewController.h; sourceTree = "<group>"; };
		6E164B711989C0110063F3FE /* WSMPageViewController.m */ = {isa = PBXFileReference; fileEncoding = 4; lastKnownFileType = sourcecode.c.objc; path = WSMPageViewController.m; sourceTree = "<group>"; };
		6E164B721989C0110063F3FE /* WSMUtilities.h */ = {isa = PBXFileReference; fileEncoding = 4; lastKnownFileType = sourcecode.c.h; path = WSMUtilities.h; sourceTree = "<group>"; };
		6E164B731989C0110063F3FE /* WSMLogger.h */ = {isa = PBXFileReference; fileEncoding = 4; lastKnownFileType = sourcecode.c.h; path = WSMLogger.h; sourceTree = "<group>"; };
		6E164B741989C0110063F3FE /* WSMLogger.m */ = {isa = PBXFileReference; fileEncoding = 4; lastKnownFileType = sourcecode.c.objc; path = WSMLogger.m; sourceTree = "<group>"; };
		6E164B751989C0110063F3FE /* WSMMacros.h */ = {isa = PBXFileReference; fileEncoding = 4; lastKnownFileType = sourcecode.c.h; path = WSMMacros.h; sourceTree = "<group>"; };
		6E164B761989C0110063F3FE /* WSMAppDelegate+WSMUtilities.h */ = {isa = PBXFileReference; fileEncoding = 4; lastKnownFileType = sourcecode.c.h; path = "WSMAppDelegate+WSMUtilities.h"; sourceTree = "<group>"; };
		6E164B771989C0110063F3FE /* WSMAppDelegate+WSMUtilities.m */ = {isa = PBXFileReference; fileEncoding = 4; lastKnownFileType = sourcecode.c.objc; path = "WSMAppDelegate+WSMUtilities.m"; sourceTree = "<group>"; };
		6E164B781989C0110063F3FE /* WSMColorPalette.h */ = {isa = PBXFileReference; fileEncoding = 4; lastKnownFileType = sourcecode.c.h; path = WSMColorPalette.h; sourceTree = "<group>"; };
		6E164B791989C0110063F3FE /* WSMColorPalette.m */ = {isa = PBXFileReference; fileEncoding = 4; lastKnownFileType = sourcecode.c.objc; path = WSMColorPalette.m; sourceTree = "<group>"; };
		6E164B7A1989C0110063F3FE /* UIAlertView+WSMUtilities.h */ = {isa = PBXFileReference; fileEncoding = 4; lastKnownFileType = sourcecode.c.h; path = "UIAlertView+WSMUtilities.h"; sourceTree = "<group>"; };
		6E164B7B1989C0110063F3FE /* UIAlertView+WSMUtilities.m */ = {isa = PBXFileReference; fileEncoding = 4; lastKnownFileType = sourcecode.c.objc; path = "UIAlertView+WSMUtilities.m"; sourceTree = "<group>"; };
		6E164B7C1989C0110063F3FE /* NSDate+WSMUtilities.h */ = {isa = PBXFileReference; fileEncoding = 4; lastKnownFileType = sourcecode.c.h; path = "NSDate+WSMUtilities.h"; sourceTree = "<group>"; };
		6E164B7D1989C0110063F3FE /* NSDate+WSMUtilities.m */ = {isa = PBXFileReference; fileEncoding = 4; lastKnownFileType = sourcecode.c.objc; path = "NSDate+WSMUtilities.m"; sourceTree = "<group>"; };
		6E164B7E1989C0110063F3FE /* NSObject+WSMUtilities.h */ = {isa = PBXFileReference; fileEncoding = 4; lastKnownFileType = sourcecode.c.h; path = "NSObject+WSMUtilities.h"; sourceTree = "<group>"; };
		6E164B7F1989C0110063F3FE /* NSObject+WSMUtilities.m */ = {isa = PBXFileReference; fileEncoding = 4; lastKnownFileType = sourcecode.c.objc; path = "NSObject+WSMUtilities.m"; sourceTree = "<group>"; };
		6E164B801989C0110063F3FE /* NSObject+WSMBackgrounding.h */ = {isa = PBXFileReference; fileEncoding = 4; lastKnownFileType = sourcecode.c.h; path = "NSObject+WSMBackgrounding.h"; sourceTree = "<group>"; };
		6E164B811989C0110063F3FE /* NSObject+WSMBackgrounding.m */ = {isa = PBXFileReference; fileEncoding = 4; lastKnownFileType = sourcecode.c.objc; path = "NSObject+WSMBackgrounding.m"; sourceTree = "<group>"; };
		6E164B821989C0110063F3FE /* CBLDatabase+WSMUtilities.h */ = {isa = PBXFileReference; fileEncoding = 4; lastKnownFileType = sourcecode.c.h; path = "CBLDatabase+WSMUtilities.h"; sourceTree = "<group>"; };
		6E164B831989C0110063F3FE /* CBLDatabase+WSMUtilities.m */ = {isa = PBXFileReference; fileEncoding = 4; lastKnownFileType = sourcecode.c.objc; lineEnding = 0; path = "CBLDatabase+WSMUtilities.m"; sourceTree = "<group>"; xcLanguageSpecificationIdentifier = xcode.lang.objc; };
		6E164B9D1989C2120063F3FE /* WSMUserManager.h */ = {isa = PBXFileReference; fileEncoding = 4; lastKnownFileType = sourcecode.c.h; path = WSMUserManager.h; sourceTree = "<group>"; };
		6E164B9E1989C2120063F3FE /* WSMUserManager.m */ = {isa = PBXFileReference; fileEncoding = 4; lastKnownFileType = sourcecode.c.objc; path = WSMUserManager.m; sourceTree = "<group>"; };
		6E164B9F1989C2120063F3FE /* WSMAdvertiser.h */ = {isa = PBXFileReference; fileEncoding = 4; lastKnownFileType = sourcecode.c.h; lineEnding = 0; path = WSMAdvertiser.h; sourceTree = "<group>"; xcLanguageSpecificationIdentifier = xcode.lang.objcpp; };
		6E164BA01989C2120063F3FE /* WSMAdvertiser.m */ = {isa = PBXFileReference; fileEncoding = 4; lastKnownFileType = sourcecode.c.objc; lineEnding = 0; path = WSMAdvertiser.m; sourceTree = "<group>"; xcLanguageSpecificationIdentifier = xcode.lang.objc; };
		6E164BA11989C2120063F3FE /* WSMScanner.h */ = {isa = PBXFileReference; fileEncoding = 4; lastKnownFileType = sourcecode.c.h; path = WSMScanner.h; sourceTree = "<group>"; };
		6E164BA21989C2120063F3FE /* WSMScanner.m */ = {isa = PBXFileReference; fileEncoding = 4; lastKnownFileType = sourcecode.c.objc; path = WSMScanner.m; sourceTree = "<group>"; };
		6E164BA31989C2120063F3FE /* WSMLayerManager.h */ = {isa = PBXFileReference; fileEncoding = 4; lastKnownFileType = sourcecode.c.h; path = WSMLayerManager.h; sourceTree = "<group>"; };
		6E164BA41989C2120063F3FE /* WSMLayerManager.m */ = {isa = PBXFileReference; fileEncoding = 4; lastKnownFileType = sourcecode.c.objc; path = WSMLayerManager.m; sourceTree = "<group>"; };
		6E164BAD1989C2E30063F3FE /* WSMStoryboardMacros.h */ = {isa = PBXFileReference; fileEncoding = 4; lastKnownFileType = sourcecode.c.h; path = WSMStoryboardMacros.h; sourceTree = "<group>"; };
		6E164BAE1989C3210063F3FE /* WSMUser.h */ = {isa = PBXFileReference; fileEncoding = 4; lastKnownFileType = sourcecode.c.h; path = WSMUser.h; sourceTree = "<group>"; };
		6E164BAF1989C3210063F3FE /* WSMUser.m */ = {isa = PBXFileReference; fileEncoding = 4; lastKnownFileType = sourcecode.c.objc; path = WSMUser.m; sourceTree = "<group>"; };
		6E164BB21989C3880063F3FE /* WSMModel.h */ = {isa = PBXFileReference; fileEncoding = 4; lastKnownFileType = sourcecode.c.h; path = WSMModel.h; sourceTree = "<group>"; };
		6E164BB31989C3880063F3FE /* WSMModel.m */ = {isa = PBXFileReference; fileEncoding = 4; lastKnownFileType = sourcecode.c.objc; path = WSMModel.m; sourceTree = "<group>"; };
		6E164BB81989D83C0063F3FE /* MapKit.framework */ = {isa = PBXFileReference; lastKnownFileType = wrapper.framework; name = MapKit.framework; path = System/Library/Frameworks/MapKit.framework; sourceTree = SDKROOT; };
		6E212DE11989EA75004D2FF6 /* Main.storyboard */ = {isa = PBXFileReference; fileEncoding = 4; lastKnownFileType = file.storyboard; path = Main.storyboard; sourceTree = "<group>"; };
		6E212DE41989EDBF004D2FF6 /* WSMAuthViewController.h */ = {isa = PBXFileReference; fileEncoding = 4; lastKnownFileType = sourcecode.c.h; path = WSMAuthViewController.h; sourceTree = "<group>"; };
		6E212DE51989EDC0004D2FF6 /* WSMAuthViewController.m */ = {isa = PBXFileReference; fileEncoding = 4; lastKnownFileType = sourcecode.c.objc; path = WSMAuthViewController.m; sourceTree = "<group>"; };
		6E212DEC1989F2AB004D2FF6 /* WSMEditableTableViewCell.h */ = {isa = PBXFileReference; fileEncoding = 4; lastKnownFileType = sourcecode.c.h; path = WSMEditableTableViewCell.h; sourceTree = "<group>"; };
		6E212DED1989F2AB004D2FF6 /* WSMEditableTableViewCell.m */ = {isa = PBXFileReference; fileEncoding = 4; lastKnownFileType = sourcecode.c.objc; path = WSMEditableTableViewCell.m; sourceTree = "<group>"; };
		6E212DF01989F2BC004D2FF6 /* WSMEditableTableViewCell.xib */ = {isa = PBXFileReference; fileEncoding = 4; lastKnownFileType = file.xib; path = WSMEditableTableViewCell.xib; sourceTree = "<group>"; };
		6E73ECBC198DD748005852EE /* WSMNearbyUsersTableViewController.h */ = {isa = PBXFileReference; fileEncoding = 4; lastKnownFileType = sourcecode.c.h; path = WSMNearbyUsersTableViewController.h; sourceTree = "<group>"; };
		6E73ECBD198DD748005852EE /* WSMNearbyUsersTableViewController.m */ = {isa = PBXFileReference; fileEncoding = 4; lastKnownFileType = sourcecode.c.objc; path = WSMNearbyUsersTableViewController.m; sourceTree = "<group>"; };
		6E73ECC0198DD754005852EE /* WSMUserTableViewCell.h */ = {isa = PBXFileReference; fileEncoding = 4; lastKnownFileType = sourcecode.c.h; path = WSMUserTableViewCell.h; sourceTree = "<group>"; };
		6E73ECC1198DD754005852EE /* WSMUserTableViewCell.m */ = {isa = PBXFileReference; fileEncoding = 4; lastKnownFileType = sourcecode.c.objc; path = WSMUserTableViewCell.m; sourceTree = "<group>"; };
		6E73ECC2198DD754005852EE /* WSMUserTableViewCell.xib */ = {isa = PBXFileReference; fileEncoding = 4; lastKnownFileType = file.xib; path = WSMUserTableViewCell.xib; sourceTree = "<group>"; };
		6E73ECC7198DE078005852EE /* WSMUserProfileViewController.h */ = {isa = PBXFileReference; fileEncoding = 4; lastKnownFileType = sourcecode.c.h; path = WSMUserProfileViewController.h; sourceTree = "<group>"; };
		6E73ECC8198DE078005852EE /* WSMUserProfileViewController.m */ = {isa = PBXFileReference; fileEncoding = 4; lastKnownFileType = sourcecode.c.objc; path = WSMUserProfileViewController.m; sourceTree = "<group>"; };
		6EAB90BA1989BE7500FF6426 /* SystemConfiguration.framework */ = {isa = PBXFileReference; lastKnownFileType = wrapper.framework; name = SystemConfiguration.framework; path = System/Library/Frameworks/SystemConfiguration.framework; sourceTree = SDKROOT; };
		6EAB90BC1989BE7B00FF6426 /* Security.framework */ = {isa = PBXFileReference; lastKnownFileType = wrapper.framework; name = Security.framework; path = System/Library/Frameworks/Security.framework; sourceTree = SDKROOT; };
		6EAB90BE1989BE8500FF6426 /* libz.dylib */ = {isa = PBXFileReference; lastKnownFileType = "compiled.mach-o.dylib"; name = libz.dylib; path = usr/lib/libz.dylib; sourceTree = SDKROOT; };
		6EAB90C01989BE8F00FF6426 /* libsqlite3.dylib */ = {isa = PBXFileReference; lastKnownFileType = "compiled.mach-o.dylib"; name = libsqlite3.dylib; path = usr/lib/libsqlite3.dylib; sourceTree = SDKROOT; };
		6EAB90C21989BEC300FF6426 /* CoreData.framework */ = {isa = PBXFileReference; lastKnownFileType = wrapper.framework; name = CoreData.framework; path = System/Library/Frameworks/CoreData.framework; sourceTree = SDKROOT; };
		6EAB90C41989BECD00FF6426 /* AddressBook.framework */ = {isa = PBXFileReference; lastKnownFileType = wrapper.framework; name = AddressBook.framework; path = System/Library/Frameworks/AddressBook.framework; sourceTree = SDKROOT; };
		6EAB90C61989BEEF00FF6426 /* CFNetwork.framework */ = {isa = PBXFileReference; lastKnownFileType = wrapper.framework; name = CFNetwork.framework; path = System/Library/Frameworks/CFNetwork.framework; sourceTree = SDKROOT; };
		6EAB90C81989BEF900FF6426 /* SpriteKit.framework */ = {isa = PBXFileReference; lastKnownFileType = wrapper.framework; name = SpriteKit.framework; path = System/Library/Frameworks/SpriteKit.framework; sourceTree = SDKROOT; };
		6EAB90CA1989BF0400FF6426 /* CoreBluetooth.framework */ = {isa = PBXFileReference; lastKnownFileType = wrapper.framework; name = CoreBluetooth.framework; path = System/Library/Frameworks/CoreBluetooth.framework; sourceTree = SDKROOT; };
		6EAB90CD1989BF7D00FF6426 /* LayerKit.bundle */ = {isa = PBXFileReference; lastKnownFileType = "wrapper.plug-in"; path = LayerKit.bundle; sourceTree = "<group>"; };
		6EAB90CE1989BF7D00FF6426 /* LayerKit.framework */ = {isa = PBXFileReference; lastKnownFileType = wrapper.framework; path = LayerKit.framework; sourceTree = "<group>"; };
		6EAB90D31989BF8B00FF6426 /* CouchbaseLite.framework */ = {isa = PBXFileReference; lastKnownFileType = wrapper.framework; path = CouchbaseLite.framework; sourceTree = "<group>"; };
		6EACBBB71989B7980020FB67 /* Mesh.app */ = {isa = PBXFileReference; explicitFileType = wrapper.application; includeInIndex = 0; path = Mesh.app; sourceTree = BUILT_PRODUCTS_DIR; };
		6EACBBBA1989B7980020FB67 /* Foundation.framework */ = {isa = PBXFileReference; lastKnownFileType = wrapper.framework; name = Foundation.framework; path = System/Library/Frameworks/Foundation.framework; sourceTree = SDKROOT; };
		6EACBBBC1989B7980020FB67 /* CoreGraphics.framework */ = {isa = PBXFileReference; lastKnownFileType = wrapper.framework; name = CoreGraphics.framework; path = System/Library/Frameworks/CoreGraphics.framework; sourceTree = SDKROOT; };
		6EACBBBE1989B7980020FB67 /* UIKit.framework */ = {isa = PBXFileReference; lastKnownFileType = wrapper.framework; name = UIKit.framework; path = System/Library/Frameworks/UIKit.framework; sourceTree = SDKROOT; };
		6EACBBC21989B7980020FB67 /* Mesh-Info.plist */ = {isa = PBXFileReference; lastKnownFileType = text.plist.xml; path = "Mesh-Info.plist"; sourceTree = "<group>"; };
		6EACBBC41989B7980020FB67 /* en */ = {isa = PBXFileReference; lastKnownFileType = text.plist.strings; name = en; path = en.lproj/InfoPlist.strings; sourceTree = "<group>"; };
		6EACBBC61989B7980020FB67 /* main.m */ = {isa = PBXFileReference; lastKnownFileType = sourcecode.c.objc; path = main.m; sourceTree = "<group>"; };
		6EACBBC81989B7980020FB67 /* Mesh-Prefix.pch */ = {isa = PBXFileReference; lastKnownFileType = sourcecode.c.h; path = "Mesh-Prefix.pch"; sourceTree = "<group>"; };
		6EACBBC91989B7980020FB67 /* WSMUIAppDelegate.h */ = {isa = PBXFileReference; lastKnownFileType = sourcecode.c.h; path = WSMUIAppDelegate.h; sourceTree = "<group>"; };
		6EACBBCA1989B7980020FB67 /* WSMUIAppDelegate.m */ = {isa = PBXFileReference; lastKnownFileType = sourcecode.c.objc; path = WSMUIAppDelegate.m; sourceTree = "<group>"; };
		6EACBBCC1989B7980020FB67 /* Images.xcassets */ = {isa = PBXFileReference; lastKnownFileType = folder.assetcatalog; path = Images.xcassets; sourceTree = "<group>"; };
		6EACBBD21989B7980020FB67 /* MeshTests.xctest */ = {isa = PBXFileReference; explicitFileType = wrapper.cfbundle; includeInIndex = 0; path = MeshTests.xctest; sourceTree = BUILT_PRODUCTS_DIR; };
		6EACBBD31989B7980020FB67 /* XCTest.framework */ = {isa = PBXFileReference; lastKnownFileType = wrapper.framework; name = XCTest.framework; path = Library/Frameworks/XCTest.framework; sourceTree = DEVELOPER_DIR; };
		6EACBBDB1989B7980020FB67 /* MeshTests-Info.plist */ = {isa = PBXFileReference; lastKnownFileType = text.plist.xml; path = "MeshTests-Info.plist"; sourceTree = "<group>"; };
		6EACBBDD1989B7980020FB67 /* en */ = {isa = PBXFileReference; lastKnownFileType = text.plist.strings; name = en; path = en.lproj/InfoPlist.strings; sourceTree = "<group>"; };
		6EACBBDF1989B7980020FB67 /* MeshTests.m */ = {isa = PBXFileReference; lastKnownFileType = sourcecode.c.objc; path = MeshTests.m; sourceTree = "<group>"; };
		6EE63987198A3119004EFCF2 /* UIImage+WSMUtilities.h */ = {isa = PBXFileReference; fileEncoding = 4; lastKnownFileType = sourcecode.c.h; path = "UIImage+WSMUtilities.h"; sourceTree = "<group>"; };
		6EE63988198A3119004EFCF2 /* UIImage+WSMUtilities.m */ = {isa = PBXFileReference; fileEncoding = 4; lastKnownFileType = sourcecode.c.objc; path = "UIImage+WSMUtilities.m"; sourceTree = "<group>"; };
		6EE6398B198A393A004EFCF2 /* WSMBootViewController.h */ = {isa = PBXFileReference; fileEncoding = 4; lastKnownFileType = sourcecode.c.h; path = WSMBootViewController.h; sourceTree = "<group>"; };
		6EE6398C198A393A004EFCF2 /* WSMBootViewController.m */ = {isa = PBXFileReference; fileEncoding = 4; lastKnownFileType = sourcecode.c.objc; path = WSMBootViewController.m; sourceTree = "<group>"; };
		6EE6398F198A40F1004EFCF2 /* CoreText.framework */ = {isa = PBXFileReference; lastKnownFileType = wrapper.framework; name = CoreText.framework; path = System/Library/Frameworks/CoreText.framework; sourceTree = SDKROOT; };
		6EE63991198A44C3004EFCF2 /* WSMMeshLogoButton.h */ = {isa = PBXFileReference; fileEncoding = 4; lastKnownFileType = sourcecode.c.h; path = WSMMeshLogoButton.h; sourceTree = "<group>"; };
		6EE63992198A44C3004EFCF2 /* WSMMeshLogoButton.m */ = {isa = PBXFileReference; fileEncoding = 4; lastKnownFileType = sourcecode.c.objc; path = WSMMeshLogoButton.m; sourceTree = "<group>"; };
		6EE63995198AFD19004EFCF2 /* WSMViewController.h */ = {isa = PBXFileReference; fileEncoding = 4; lastKnownFileType = sourcecode.c.h; path = WSMViewController.h; sourceTree = "<group>"; };
		6EE63996198AFD19004EFCF2 /* WSMViewController.m */ = {isa = PBXFileReference; fileEncoding = 4; lastKnownFileType = sourcecode.c.objc; path = WSMViewController.m; sourceTree = "<group>"; };
		6EE63999198B0A5F004EFCF2 /* WSMCameraButton.h */ = {isa = PBXFileReference; fileEncoding = 4; lastKnownFileType = sourcecode.c.h; path = WSMCameraButton.h; sourceTree = "<group>"; };
		6EE6399A198B0A5F004EFCF2 /* WSMCameraButton.m */ = {isa = PBXFileReference; fileEncoding = 4; lastKnownFileType = sourcecode.c.objc; path = WSMCameraButton.m; sourceTree = "<group>"; };
		862B15EA62044269889AD85E /* Pods.xcconfig */ = {isa = PBXFileReference; includeInIndex = 1; lastKnownFileType = text.xcconfig; name = Pods.xcconfig; path = Pods/Pods.xcconfig; sourceTree = "<group>"; };
		E0592DF67A1F4758BA283D75 /* libPods.a */ = {isa = PBXFileReference; explicitFileType = archive.ar; includeInIndex = 0; path = libPods.a; sourceTree = BUILT_PRODUCTS_DIR; };
/* End PBXFileReference section */

/* Begin PBXFrameworksBuildPhase section */
		6EACBBB41989B7980020FB67 /* Frameworks */ = {
			isa = PBXFrameworksBuildPhase;
			buildActionMask = 2147483647;
			files = (
				6EE63990198A40F1004EFCF2 /* CoreText.framework in Frameworks */,
				6EACBBBB1989B7980020FB67 /* Foundation.framework in Frameworks */,
				6EAB90C51989BECD00FF6426 /* AddressBook.framework in Frameworks */,
				6E164BB91989D83C0063F3FE /* MapKit.framework in Frameworks */,
				6EAB90BD1989BE7B00FF6426 /* Security.framework in Frameworks */,
				6EAB90BB1989BE7500FF6426 /* SystemConfiguration.framework in Frameworks */,
				6EAB90C71989BEEF00FF6426 /* CFNetwork.framework in Frameworks */,
				6EACBBBD1989B7980020FB67 /* CoreGraphics.framework in Frameworks */,
				6EAB90CB1989BF0400FF6426 /* CoreBluetooth.framework in Frameworks */,
				6EAB90C31989BEC300FF6426 /* CoreData.framework in Frameworks */,
				6EAB90C91989BEF900FF6426 /* SpriteKit.framework in Frameworks */,
				6EACBBBF1989B7980020FB67 /* UIKit.framework in Frameworks */,
				6EAB90D41989BF8B00FF6426 /* CouchbaseLite.framework in Frameworks */,
				6EAB90C11989BE8F00FF6426 /* libsqlite3.dylib in Frameworks */,
				6EAB90D11989BF7D00FF6426 /* LayerKit.framework in Frameworks */,
				6EAB90BF1989BE8500FF6426 /* libz.dylib in Frameworks */,
				EAF5B7E2B6DF49B79C350360 /* libPods.a in Frameworks */,
			);
			runOnlyForDeploymentPostprocessing = 0;
		};
		6EACBBCF1989B7980020FB67 /* Frameworks */ = {
			isa = PBXFrameworksBuildPhase;
			buildActionMask = 2147483647;
			files = (
				6EAB90D51989BF8B00FF6426 /* CouchbaseLite.framework in Frameworks */,
				6EACBBD41989B7980020FB67 /* XCTest.framework in Frameworks */,
				6EACBBD61989B7980020FB67 /* UIKit.framework in Frameworks */,
				6EACBBD51989B7980020FB67 /* Foundation.framework in Frameworks */,
				6EAB90D21989BF7D00FF6426 /* LayerKit.framework in Frameworks */,
			);
			runOnlyForDeploymentPostprocessing = 0;
		};
/* End PBXFrameworksBuildPhase section */

/* Begin PBXGroup section */
		6E164B9A1989C04C0063F3FE /* WSMBranding */ = {
			isa = PBXGroup;
			children = (
				6EE63991198A44C3004EFCF2 /* WSMMeshLogoButton.h */,
				6EE63992198A44C3004EFCF2 /* WSMMeshLogoButton.m */,
				6EE63999198B0A5F004EFCF2 /* WSMCameraButton.h */,
				6EE6399A198B0A5F004EFCF2 /* WSMCameraButton.m */,
				6E164B6C1989C0110063F3FE /* WSMDynamicLogo.h */,
				6E164B6D1989C0110063F3FE /* WSMDynamicLogo.m */,
				6E164B6E1989C0110063F3FE /* WSMButton.h */,
				6E164B6F1989C0110063F3FE /* WSMButton.m */,
			);
			name = WSMBranding;
			sourceTree = "<group>";
		};
		6E164B9B1989C0870063F3FE /* WSMPageViewCategories */ = {
			isa = PBXGroup;
			children = (
				6E164B701989C0110063F3FE /* WSMPageViewController.h */,
				6E164B711989C0110063F3FE /* WSMPageViewController.m */,
			);
			name = WSMPageViewCategories;
			sourceTree = "<group>";
		};
		6E164B9C1989C0A80063F3FE /* WSMUtilities */ = {
			isa = PBXGroup;
			children = (
				6E164B721989C0110063F3FE /* WSMUtilities.h */,
				6E164B751989C0110063F3FE /* WSMMacros.h */,
				6EE63987198A3119004EFCF2 /* UIImage+WSMUtilities.h */,
				6EE63988198A3119004EFCF2 /* UIImage+WSMUtilities.m */,
				6E164B731989C0110063F3FE /* WSMLogger.h */,
				6E164B741989C0110063F3FE /* WSMLogger.m */,
				6E164B761989C0110063F3FE /* WSMAppDelegate+WSMUtilities.h */,
				6E164B771989C0110063F3FE /* WSMAppDelegate+WSMUtilities.m */,
				6E164B781989C0110063F3FE /* WSMColorPalette.h */,
				6E164B791989C0110063F3FE /* WSMColorPalette.m */,
				6E164B7A1989C0110063F3FE /* UIAlertView+WSMUtilities.h */,
				6E164B7B1989C0110063F3FE /* UIAlertView+WSMUtilities.m */,
				6E164B7C1989C0110063F3FE /* NSDate+WSMUtilities.h */,
				6E164B7D1989C0110063F3FE /* NSDate+WSMUtilities.m */,
				6E164B7E1989C0110063F3FE /* NSObject+WSMUtilities.h */,
				6E164B7F1989C0110063F3FE /* NSObject+WSMUtilities.m */,
				6E164B801989C0110063F3FE /* NSObject+WSMBackgrounding.h */,
				6E164B811989C0110063F3FE /* NSObject+WSMBackgrounding.m */,
				6E164B821989C0110063F3FE /* CBLDatabase+WSMUtilities.h */,
				6E164B831989C0110063F3FE /* CBLDatabase+WSMUtilities.m */,
				6E164BB21989C3880063F3FE /* WSMModel.h */,
				6E164BB31989C3880063F3FE /* WSMModel.m */,
			);
			name = WSMUtilities;
			sourceTree = "<group>";
		};
		6E164BB61989C4110063F3FE /* WSMCapabilityManagers */ = {
			isa = PBXGroup;
			children = (
				6E164B9D1989C2120063F3FE /* WSMUserManager.h */,
				6E164B9E1989C2120063F3FE /* WSMUserManager.m */,
				6E164B9F1989C2120063F3FE /* WSMAdvertiser.h */,
				6E164BA01989C2120063F3FE /* WSMAdvertiser.m */,
				6E164BA11989C2120063F3FE /* WSMScanner.h */,
				6E164BA21989C2120063F3FE /* WSMScanner.m */,
				6E164BA31989C2120063F3FE /* WSMLayerManager.h */,
				6E164BA41989C2120063F3FE /* WSMLayerManager.m */,
			);
			name = WSMCapabilityManagers;
			sourceTree = "<group>";
		};
		6E164BB71989D7FB0063F3FE /* CBLModels */ = {
			isa = PBXGroup;
			children = (
				6E164BAE1989C3210063F3FE /* WSMUser.h */,
				6E164BAF1989C3210063F3FE /* WSMUser.m */,
			);
			name = CBLModels;
			sourceTree = "<group>";
		};
		6E73ECB7198DD5DD005852EE /* WSMTableViewCells */ = {
			isa = PBXGroup;
			children = (
				6E212DEC1989F2AB004D2FF6 /* WSMEditableTableViewCell.h */,
				6E212DED1989F2AB004D2FF6 /* WSMEditableTableViewCell.m */,
				6E212DF01989F2BC004D2FF6 /* WSMEditableTableViewCell.xib */,
				6E73ECC0198DD754005852EE /* WSMUserTableViewCell.h */,
				6E73ECC1198DD754005852EE /* WSMUserTableViewCell.m */,
				6E73ECC2198DD754005852EE /* WSMUserTableViewCell.xib */,
			);
			name = WSMTableViewCells;
			sourceTree = "<group>";
		};
		6E73ECB8198DD61F005852EE /* WSMViewControllers */ = {
			isa = PBXGroup;
			children = (
				6E73ECB9198DD62C005852EE /* Phase 0: Boot and Auth */,
				6E73ECBA198DD63D005852EE /* Phase 1: TabBar Controllers */,
			);
			name = WSMViewControllers;
			sourceTree = "<group>";
		};
		6E73ECB9198DD62C005852EE /* Phase 0: Boot and Auth */ = {
			isa = PBXGroup;
			children = (
				6EACBBC91989B7980020FB67 /* WSMUIAppDelegate.h */,
				6EACBBCA1989B7980020FB67 /* WSMUIAppDelegate.m */,
				6EE63995198AFD19004EFCF2 /* WSMViewController.h */,
				6EE63996198AFD19004EFCF2 /* WSMViewController.m */,
				6EE6398B198A393A004EFCF2 /* WSMBootViewController.h */,
				6EE6398C198A393A004EFCF2 /* WSMBootViewController.m */,
				6E212DE41989EDBF004D2FF6 /* WSMAuthViewController.h */,
				6E212DE51989EDC0004D2FF6 /* WSMAuthViewController.m */,
			);
			name = "Phase 0: Boot and Auth";
			sourceTree = "<group>";
		};
		6E73ECBA198DD63D005852EE /* Phase 1: TabBar Controllers */ = {
			isa = PBXGroup;
			children = (
				6E73ECBC198DD748005852EE /* WSMNearbyUsersTableViewController.h */,
				6E73ECBD198DD748005852EE /* WSMNearbyUsersTableViewController.m */,
				6E73ECC7198DE078005852EE /* WSMUserProfileViewController.h */,
				6E73ECC8198DE078005852EE /* WSMUserProfileViewController.m */,
			);
			name = "Phase 1: TabBar Controllers";
			sourceTree = "<group>";
		};
		6E73ECBB198DD672005852EE /* WSMViews */ = {
			isa = PBXGroup;
			children = (
				6E212DE11989EA75004D2FF6 /* Main.storyboard */,
				6E73ECB7198DD5DD005852EE /* WSMTableViewCells */,
			);
			name = WSMViews;
			sourceTree = "<group>";
		};
		6EAB90CC1989BF7D00FF6426 /* LayerKit.embeddedframework */ = {
			isa = PBXGroup;
			children = (
				6EAB90CD1989BF7D00FF6426 /* LayerKit.bundle */,
				6EAB90CE1989BF7D00FF6426 /* LayerKit.framework */,
			);
			path = LayerKit.embeddedframework;
			sourceTree = "<group>";
		};
		6EACBBAE1989B7980020FB67 = {
			isa = PBXGroup;
			children = (
				6EACBBC01989B7980020FB67 /* Mesh */,
				6EACBBD91989B7980020FB67 /* MeshTests */,
				6EACBBB91989B7980020FB67 /* Frameworks */,
				6EACBBB81989B7980020FB67 /* Products */,
				862B15EA62044269889AD85E /* Pods.xcconfig */,
			);
			sourceTree = "<group>";
		};
		6EACBBB81989B7980020FB67 /* Products */ = {
			isa = PBXGroup;
			children = (
				6EACBBB71989B7980020FB67 /* Mesh.app */,
				6EACBBD21989B7980020FB67 /* MeshTests.xctest */,
			);
			name = Products;
			sourceTree = "<group>";
		};
		6EACBBB91989B7980020FB67 /* Frameworks */ = {
			isa = PBXGroup;
			children = (
				6EE6398F198A40F1004EFCF2 /* CoreText.framework */,
				6E164BB81989D83C0063F3FE /* MapKit.framework */,
				E0592DF67A1F4758BA283D75 /* libPods.a */,
				6EAB90C01989BE8F00FF6426 /* libsqlite3.dylib */,
				6EAB90BE1989BE8500FF6426 /* libz.dylib */,
				6EAB90C41989BECD00FF6426 /* AddressBook.framework */,
				6EAB90C61989BEEF00FF6426 /* CFNetwork.framework */,
				6EAB90CA1989BF0400FF6426 /* CoreBluetooth.framework */,
				6EAB90C21989BEC300FF6426 /* CoreData.framework */,
				6EACBBBC1989B7980020FB67 /* CoreGraphics.framework */,
				6EAB90D31989BF8B00FF6426 /* CouchbaseLite.framework */,
				6EACBBBA1989B7980020FB67 /* Foundation.framework */,
				6EAB90BC1989BE7B00FF6426 /* Security.framework */,
				6EAB90C81989BEF900FF6426 /* SpriteKit.framework */,
				6EAB90BA1989BE7500FF6426 /* SystemConfiguration.framework */,
				6EACBBBE1989B7980020FB67 /* UIKit.framework */,
				6EACBBD31989B7980020FB67 /* XCTest.framework */,
				6EAB90CC1989BF7D00FF6426 /* LayerKit.embeddedframework */,
			);
			name = Frameworks;
			sourceTree = "<group>";
		};
		6EACBBC01989B7980020FB67 /* Mesh */ = {
			isa = PBXGroup;
			children = (
				6E73ECBB198DD672005852EE /* WSMViews */,
				6E73ECB8198DD61F005852EE /* WSMViewControllers */,
				6E164BB71989D7FB0063F3FE /* CBLModels */,
				6E164BB61989C4110063F3FE /* WSMCapabilityManagers */,
				6EACBBCC1989B7980020FB67 /* Images.xcassets */,
				6EACBBC11989B7980020FB67 /* Supporting Files */,
			);
			path = Mesh;
			sourceTree = "<group>";
		};
		6EACBBC11989B7980020FB67 /* Supporting Files */ = {
			isa = PBXGroup;
			children = (
				6E164BAD1989C2E30063F3FE /* WSMStoryboardMacros.h */,
				6E164B9A1989C04C0063F3FE /* WSMBranding */,
				6E164B9B1989C0870063F3FE /* WSMPageViewCategories */,
				6E164B9C1989C0A80063F3FE /* WSMUtilities */,
				6EACBBC21989B7980020FB67 /* Mesh-Info.plist */,
				6EACBBC31989B7980020FB67 /* InfoPlist.strings */,
				6EACBBC61989B7980020FB67 /* main.m */,
				6EACBBC81989B7980020FB67 /* Mesh-Prefix.pch */,
			);
			name = "Supporting Files";
			sourceTree = "<group>";
		};
		6EACBBD91989B7980020FB67 /* MeshTests */ = {
			isa = PBXGroup;
			children = (
				6EACBBDF1989B7980020FB67 /* MeshTests.m */,
				6EACBBDA1989B7980020FB67 /* Supporting Files */,
			);
			path = MeshTests;
			sourceTree = "<group>";
		};
		6EACBBDA1989B7980020FB67 /* Supporting Files */ = {
			isa = PBXGroup;
			children = (
				6EACBBDB1989B7980020FB67 /* MeshTests-Info.plist */,
				6EACBBDC1989B7980020FB67 /* InfoPlist.strings */,
			);
			name = "Supporting Files";
			sourceTree = "<group>";
		};
/* End PBXGroup section */

/* Begin PBXNativeTarget section */
		6EACBBB61989B7980020FB67 /* Mesh */ = {
			isa = PBXNativeTarget;
			buildConfigurationList = 6EACBBE31989B7980020FB67 /* Build configuration list for PBXNativeTarget "Mesh" */;
			buildPhases = (
				471FA1D62F974C75AEBEBC7B /* Check Pods Manifest.lock */,
				6EACBBB31989B7980020FB67 /* Sources */,
				6EACBBB41989B7980020FB67 /* Frameworks */,
				6EACBBB51989B7980020FB67 /* Resources */,
				7AB56263DACC441789F7D170 /* Copy Pods Resources */,
				6E164BBA1989DBBC0063F3FE /* ShellScript */,
				6E164BBC1989E04C0063F3FE /* ShellScript */,
			);
			buildRules = (
			);
			dependencies = (
			);
			name = Mesh;
			productName = Mesh;
			productReference = 6EACBBB71989B7980020FB67 /* Mesh.app */;
			productType = "com.apple.product-type.application";
		};
		6EACBBD11989B7980020FB67 /* MeshTests */ = {
			isa = PBXNativeTarget;
			buildConfigurationList = 6EACBBE61989B7980020FB67 /* Build configuration list for PBXNativeTarget "MeshTests" */;
			buildPhases = (
				6EACBBCE1989B7980020FB67 /* Sources */,
				6EACBBCF1989B7980020FB67 /* Frameworks */,
				6EACBBD01989B7980020FB67 /* Resources */,
			);
			buildRules = (
			);
			dependencies = (
				6EACBBD81989B7980020FB67 /* PBXTargetDependency */,
			);
			name = MeshTests;
			productName = MeshTests;
			productReference = 6EACBBD21989B7980020FB67 /* MeshTests.xctest */;
			productType = "com.apple.product-type.bundle.unit-test";
		};
/* End PBXNativeTarget section */

/* Begin PBXProject section */
		6EACBBAF1989B7980020FB67 /* Project object */ = {
			isa = PBXProject;
			attributes = {
				CLASSPREFIX = WSM;
				LastUpgradeCheck = 0510;
				ORGANIZATIONNAME = wrkstrm;
				TargetAttributes = {
					6EACBBB61989B7980020FB67 = {
						DevelopmentTeam = BM6B69ZQSR;
						SystemCapabilities = {
							com.apple.BackgroundModes = {
								enabled = 1;
							};
							com.apple.iOS = {
								enabled = 1;
							};
						};
					};
					6EACBBD11989B7980020FB67 = {
						TestTargetID = 6EACBBB61989B7980020FB67;
					};
				};
			};
			buildConfigurationList = 6EACBBB21989B7980020FB67 /* Build configuration list for PBXProject "Mesh" */;
			compatibilityVersion = "Xcode 3.2";
			developmentRegion = English;
			hasScannedForEncodings = 0;
			knownRegions = (
				en,
			);
			mainGroup = 6EACBBAE1989B7980020FB67;
			productRefGroup = 6EACBBB81989B7980020FB67 /* Products */;
			projectDirPath = "";
			projectRoot = "";
			targets = (
				6EACBBB61989B7980020FB67 /* Mesh */,
				6EACBBD11989B7980020FB67 /* MeshTests */,
			);
		};
/* End PBXProject section */

/* Begin PBXResourcesBuildPhase section */
		6EACBBB51989B7980020FB67 /* Resources */ = {
			isa = PBXResourcesBuildPhase;
			buildActionMask = 2147483647;
			files = (
				6EACBBC51989B7980020FB67 /* InfoPlist.strings in Resources */,
				6E212DF11989F2BC004D2FF6 /* WSMEditableTableViewCell.xib in Resources */,
				6E212DE21989EA75004D2FF6 /* Main.storyboard in Resources */,
				6EACBBCD1989B7980020FB67 /* Images.xcassets in Resources */,
				6E73ECC5198DD754005852EE /* WSMUserTableViewCell.xib in Resources */,
				6EAB90CF1989BF7D00FF6426 /* LayerKit.bundle in Resources */,
			);
			runOnlyForDeploymentPostprocessing = 0;
		};
		6EACBBD01989B7980020FB67 /* Resources */ = {
			isa = PBXResourcesBuildPhase;
			buildActionMask = 2147483647;
			files = (
				6EAB90D01989BF7D00FF6426 /* LayerKit.bundle in Resources */,
				6E212DF21989F2BC004D2FF6 /* WSMEditableTableViewCell.xib in Resources */,
				6EACBBDE1989B7980020FB67 /* InfoPlist.strings in Resources */,
				6E73ECC6198DD754005852EE /* WSMUserTableViewCell.xib in Resources */,
				6E212DE31989EA75004D2FF6 /* Main.storyboard in Resources */,
			);
			runOnlyForDeploymentPostprocessing = 0;
		};
/* End PBXResourcesBuildPhase section */

/* Begin PBXShellScriptBuildPhase section */
		471FA1D62F974C75AEBEBC7B /* Check Pods Manifest.lock */ = {
			isa = PBXShellScriptBuildPhase;
			buildActionMask = 2147483647;
			files = (
			);
			inputPaths = (
			);
			name = "Check Pods Manifest.lock";
			outputPaths = (
			);
			runOnlyForDeploymentPostprocessing = 0;
			shellPath = /bin/sh;
			shellScript = "diff \"${PODS_ROOT}/../Podfile.lock\" \"${PODS_ROOT}/Manifest.lock\" > /dev/null\nif [[ $? != 0 ]] ; then\n    cat << EOM\nerror: The sandbox is not in sync with the Podfile.lock. Run 'pod install' or update your CocoaPods installation.\nEOM\n    exit 1\nfi\n";
			showEnvVarsInLog = 0;
		};
		6E164BBA1989DBBC0063F3FE /* ShellScript */ = {
			isa = PBXShellScriptBuildPhase;
			buildActionMask = 2147483647;
			files = (
			);
			inputPaths = (
			);
			outputPaths = (
			);
			runOnlyForDeploymentPostprocessing = 0;
			shellPath = /bin/sh;
			shellScript = "#!/bin/bash\nif [ -n \"$(find \"$PROJECT_DIR\" \\! -path \"*xcuserdata*\" \\! -path \"*.git\" -newer \"$INFOPLIST_FILE\")\" ]; then\nversionNumber=$(/usr/libexec/PlistBuddy -c \"Print CFBundleShortVersionString\" \"$INFOPLIST_FILE\")\nversionNumber=`echo $versionNumber +0.001|bc`\n/usr/libexec/PlistBuddy -c \"Set :CFBundleShortVersionString $versionNumber\" \"$INFOPLIST_FILE\"\n\nbuildNumber=$(/usr/libexec/PlistBuddy -c \"Print CFBundleVersion\" \"$INFOPLIST_FILE\")\nbuildNumber=$(($buildNumber + 1))\n/usr/libexec/PlistBuddy -c \"Set :CFBundleVersion $buildNumber\" \"$INFOPLIST_FILE\"\nfi";
		};
		6E164BBC1989E04C0063F3FE /* ShellScript */ = {
			isa = PBXShellScriptBuildPhase;
			buildActionMask = 2147483647;
			files = (
			);
			inputPaths = (
			);
			outputPaths = (
			);
			runOnlyForDeploymentPostprocessing = 0;
			shellPath = /bin/sh;
			shellScript = "if [[ -z ${SKIP_OBJCLEAN} || ${SKIP_OBJCLEAN} != 1 ]]; then\nif [[ -d \"${LOCAL_APPS_DIR}/Objective-Clean.app\" ]]; then\n\"${LOCAL_APPS_DIR}\"/Objective-Clean.app/Contents/Resources/ObjClean.app/Contents/MacOS/ObjClean \"${SRCROOT}\"?WSM,!Pods\nelse\necho \"warning: You have to install and set up Objective-Clean to use its features!\"\nfi\nfi";
		};
		7AB56263DACC441789F7D170 /* Copy Pods Resources */ = {
			isa = PBXShellScriptBuildPhase;
			buildActionMask = 2147483647;
			files = (
			);
			inputPaths = (
			);
			name = "Copy Pods Resources";
			outputPaths = (
			);
			runOnlyForDeploymentPostprocessing = 0;
			shellPath = /bin/sh;
			shellScript = "\"${SRCROOT}/Pods/Pods-resources.sh\"\n";
			showEnvVarsInLog = 0;
		};
/* End PBXShellScriptBuildPhase section */

/* Begin PBXSourcesBuildPhase section */
		6EACBBB31989B7980020FB67 /* Sources */ = {
			isa = PBXSourcesBuildPhase;
			buildActionMask = 2147483647;
			files = (
				6E164B881989C0110063F3FE /* WSMPageViewController.m in Sources */,
				6E164B921989C0110063F3FE /* NSDate+WSMUtilities.m in Sources */,
				6E212DE61989EDC0004D2FF6 /* WSMAuthViewController.m in Sources */,
				6E164B941989C0110063F3FE /* NSObject+WSMUtilities.m in Sources */,
				6EE63993198A44C3004EFCF2 /* WSMMeshLogoButton.m in Sources */,
				6EE6398D198A393A004EFCF2 /* WSMBootViewController.m in Sources */,
				6E164B8E1989C0110063F3FE /* WSMColorPalette.m in Sources */,
				6EE63989198A3119004EFCF2 /* UIImage+WSMUtilities.m in Sources */,
				6E164BAB1989C2120063F3FE /* WSMLayerManager.m in Sources */,
				6E164B901989C0110063F3FE /* UIAlertView+WSMUtilities.m in Sources */,
				6EE6399B198B0A5F004EFCF2 /* WSMCameraButton.m in Sources */,
				6E164BA71989C2120063F3FE /* WSMAdvertiser.m in Sources */,
				6EACBBCB1989B7980020FB67 /* WSMUIAppDelegate.m in Sources */,
				6E164BA51989C2120063F3FE /* WSMUserManager.m in Sources */,
				6E164B981989C0110063F3FE /* CBLDatabase+WSMUtilities.m in Sources */,
				6E164B861989C0110063F3FE /* WSMButton.m in Sources */,
				6E212DEE1989F2AB004D2FF6 /* WSMEditableTableViewCell.m in Sources */,
				6EACBBC71989B7980020FB67 /* main.m in Sources */,
				6EE63997198AFD19004EFCF2 /* WSMViewController.m in Sources */,
				6E164B8C1989C0110063F3FE /* WSMAppDelegate+WSMUtilities.m in Sources */,
				6E73ECBE198DD748005852EE /* WSMNearbyUsersTableViewController.m in Sources */,
				6E164BA91989C2120063F3FE /* WSMScanner.m in Sources */,
				6E164B841989C0110063F3FE /* WSMDynamicLogo.m in Sources */,
				6E164B961989C0110063F3FE /* NSObject+WSMBackgrounding.m in Sources */,
				6E164BB41989C3880063F3FE /* WSMModel.m in Sources */,
				6E164BB01989C3210063F3FE /* WSMUser.m in Sources */,
				6E73ECC3198DD754005852EE /* WSMUserTableViewCell.m in Sources */,
				6E164B8A1989C0110063F3FE /* WSMLogger.m in Sources */,
				6E73ECC9198DE078005852EE /* WSMUserProfileViewController.m in Sources */,
			);
			runOnlyForDeploymentPostprocessing = 0;
		};
		6EACBBCE1989B7980020FB67 /* Sources */ = {
			isa = PBXSourcesBuildPhase;
			buildActionMask = 2147483647;
			files = (
				6EE63998198AFD19004EFCF2 /* WSMViewController.m in Sources */,
				6E164B871989C0110063F3FE /* WSMButton.m in Sources */,
				6E164B991989C0110063F3FE /* CBLDatabase+WSMUtilities.m in Sources */,
				6E73ECCA198DE078005852EE /* WSMUserProfileViewController.m in Sources */,
				6E164B891989C0110063F3FE /* WSMPageViewController.m in Sources */,
				6E164B851989C0110063F3FE /* WSMDynamicLogo.m in Sources */,
				6E164B8D1989C0110063F3FE /* WSMAppDelegate+WSMUtilities.m in Sources */,
				6EE6399C198B0A5F004EFCF2 /* WSMCameraButton.m in Sources */,
				6E164BB51989C3880063F3FE /* WSMModel.m in Sources */,
				6E164B951989C0110063F3FE /* NSObject+WSMUtilities.m in Sources */,
				6EE6398E198A393A004EFCF2 /* WSMBootViewController.m in Sources */,
				6E164B911989C0110063F3FE /* UIAlertView+WSMUtilities.m in Sources */,
				6E212DEF1989F2AB004D2FF6 /* WSMEditableTableViewCell.m in Sources */,
				6E164BB11989C3210063F3FE /* WSMUser.m in Sources */,
				6E73ECBF198DD748005852EE /* WSMNearbyUsersTableViewController.m in Sources */,
				6E164BA61989C2120063F3FE /* WSMUserManager.m in Sources */,
				6E212DE71989EDC0004D2FF6 /* WSMAuthViewController.m in Sources */,
				6E164BA81989C2120063F3FE /* WSMAdvertiser.m in Sources */,
				6E164B931989C0110063F3FE /* NSDate+WSMUtilities.m in Sources */,
				6EACBBE01989B7980020FB67 /* MeshTests.m in Sources */,
				6E164BAC1989C2120063F3FE /* WSMLayerManager.m in Sources */,
				6EE6398A198A3119004EFCF2 /* UIImage+WSMUtilities.m in Sources */,
				6E164BAA1989C2120063F3FE /* WSMScanner.m in Sources */,
				6E164B971989C0110063F3FE /* NSObject+WSMBackgrounding.m in Sources */,
				6E164B8B1989C0110063F3FE /* WSMLogger.m in Sources */,
				6E164B8F1989C0110063F3FE /* WSMColorPalette.m in Sources */,
				6EE63994198A44C3004EFCF2 /* WSMMeshLogoButton.m in Sources */,
				6E73ECC4198DD754005852EE /* WSMUserTableViewCell.m in Sources */,
			);
			runOnlyForDeploymentPostprocessing = 0;
		};
/* End PBXSourcesBuildPhase section */

/* Begin PBXTargetDependency section */
		6EACBBD81989B7980020FB67 /* PBXTargetDependency */ = {
			isa = PBXTargetDependency;
			target = 6EACBBB61989B7980020FB67 /* Mesh */;
			targetProxy = 6EACBBD71989B7980020FB67 /* PBXContainerItemProxy */;
		};
/* End PBXTargetDependency section */

/* Begin PBXVariantGroup section */
		6EACBBC31989B7980020FB67 /* InfoPlist.strings */ = {
			isa = PBXVariantGroup;
			children = (
				6EACBBC41989B7980020FB67 /* en */,
			);
			name = InfoPlist.strings;
			sourceTree = "<group>";
		};
		6EACBBDC1989B7980020FB67 /* InfoPlist.strings */ = {
			isa = PBXVariantGroup;
			children = (
				6EACBBDD1989B7980020FB67 /* en */,
			);
			name = InfoPlist.strings;
			sourceTree = "<group>";
		};
/* End PBXVariantGroup section */

/* Begin XCBuildConfiguration section */
		6EACBBE11989B7980020FB67 /* Debug */ = {
			isa = XCBuildConfiguration;
			buildSettings = {
				ALWAYS_SEARCH_USER_PATHS = NO;
				CLANG_CXX_LANGUAGE_STANDARD = "gnu++0x";
				CLANG_CXX_LIBRARY = "libc++";
				CLANG_ENABLE_MODULES = YES;
				CLANG_ENABLE_OBJC_ARC = YES;
				CLANG_WARN_BOOL_CONVERSION = YES;
				CLANG_WARN_CONSTANT_CONVERSION = YES;
				CLANG_WARN_DIRECT_OBJC_ISA_USAGE = YES_ERROR;
				CLANG_WARN_EMPTY_BODY = YES;
				CLANG_WARN_ENUM_CONVERSION = YES;
				CLANG_WARN_INT_CONVERSION = YES;
				CLANG_WARN_OBJC_ROOT_CLASS = YES_ERROR;
				CLANG_WARN__DUPLICATE_METHOD_MATCH = YES;
				"CODE_SIGN_IDENTITY[sdk=iphoneos*]" = "iPhone Developer";
				COPY_PHASE_STRIP = NO;
				GCC_C_LANGUAGE_STANDARD = gnu99;
				GCC_DYNAMIC_NO_PIC = NO;
				GCC_OPTIMIZATION_LEVEL = 0;
				GCC_PREPROCESSOR_DEFINITIONS = (
					"DEBUG=1",
					"$(inherited)",
				);
				GCC_SYMBOLS_PRIVATE_EXTERN = NO;
				GCC_WARN_64_TO_32_BIT_CONVERSION = YES;
				GCC_WARN_ABOUT_RETURN_TYPE = YES_ERROR;
				GCC_WARN_UNDECLARED_SELECTOR = YES;
				GCC_WARN_UNINITIALIZED_AUTOS = YES_AGGRESSIVE;
				GCC_WARN_UNUSED_FUNCTION = YES;
				GCC_WARN_UNUSED_VARIABLE = YES;
				IPHONEOS_DEPLOYMENT_TARGET = 7.1;
				ONLY_ACTIVE_ARCH = YES;
				SDKROOT = iphoneos;
			};
			name = Debug;
		};
		6EACBBE21989B7980020FB67 /* Release */ = {
			isa = XCBuildConfiguration;
			buildSettings = {
				ALWAYS_SEARCH_USER_PATHS = NO;
				CLANG_CXX_LANGUAGE_STANDARD = "gnu++0x";
				CLANG_CXX_LIBRARY = "libc++";
				CLANG_ENABLE_MODULES = YES;
				CLANG_ENABLE_OBJC_ARC = YES;
				CLANG_WARN_BOOL_CONVERSION = YES;
				CLANG_WARN_CONSTANT_CONVERSION = YES;
				CLANG_WARN_DIRECT_OBJC_ISA_USAGE = YES_ERROR;
				CLANG_WARN_EMPTY_BODY = YES;
				CLANG_WARN_ENUM_CONVERSION = YES;
				CLANG_WARN_INT_CONVERSION = YES;
				CLANG_WARN_OBJC_ROOT_CLASS = YES_ERROR;
				CLANG_WARN__DUPLICATE_METHOD_MATCH = YES;
				"CODE_SIGN_IDENTITY[sdk=iphoneos*]" = "iPhone Developer";
				COPY_PHASE_STRIP = YES;
				ENABLE_NS_ASSERTIONS = NO;
				GCC_C_LANGUAGE_STANDARD = gnu99;
				GCC_WARN_64_TO_32_BIT_CONVERSION = YES;
				GCC_WARN_ABOUT_RETURN_TYPE = YES_ERROR;
				GCC_WARN_UNDECLARED_SELECTOR = YES;
				GCC_WARN_UNINITIALIZED_AUTOS = YES_AGGRESSIVE;
				GCC_WARN_UNUSED_FUNCTION = YES;
				GCC_WARN_UNUSED_VARIABLE = YES;
				IPHONEOS_DEPLOYMENT_TARGET = 7.1;
				SDKROOT = iphoneos;
				VALIDATE_PRODUCT = YES;
			};
			name = Release;
		};
		6EACBBE41989B7980020FB67 /* Debug */ = {
			isa = XCBuildConfiguration;
			baseConfigurationReference = 862B15EA62044269889AD85E /* Pods.xcconfig */;
			buildSettings = {
				ASSETCATALOG_COMPILER_APPICON_NAME = AppIcon;
				ASSETCATALOG_COMPILER_LAUNCHIMAGE_NAME = LaunchImage;
				CLANG_WARN_DEPRECATED_OBJC_IMPLEMENTATIONS = YES;
				CLANG_WARN_IMPLICIT_SIGN_CONVERSION = YES;
				CLANG_WARN_OBJC_IMPLICIT_ATOMIC_PROPERTIES = YES;
				CLANG_WARN_OBJC_IMPLICIT_RETAIN_SELF = YES;
				CLANG_WARN_OBJC_REPEATED_USE_OF_WEAK = NO;
				CODE_SIGN_IDENTITY = "iPhone Developer";
				FRAMEWORK_SEARCH_PATHS = (
					"$(inherited)",
					"$(PROJECT_DIR)/LayerKit.embeddedframework",
					"$(PROJECT_DIR)",
				);
				GCC_OPTIMIZATION_LEVEL = fast;
				GCC_PRECOMPILE_PREFIX_HEADER = YES;
				GCC_PREFIX_HEADER = "Mesh/Mesh-Prefix.pch";
				GCC_WARN_ABOUT_MISSING_NEWLINE = NO;
				GCC_WARN_MULTIPLE_DEFINITION_TYPES_FOR_SELECTOR = YES;
				GCC_WARN_PEDANTIC = NO;
				GCC_WARN_SHADOW = YES;
				GCC_WARN_UNKNOWN_PRAGMAS = YES;
				INFOPLIST_FILE = "Mesh/Mesh-Info.plist";
				IPHONEOS_DEPLOYMENT_TARGET = 7.0;
				PRODUCT_NAME = "$(TARGET_NAME)";
				TARGETED_DEVICE_FAMILY = 1;
				WRAPPER_EXTENSION = app;
			};
			name = Debug;
		};
		6EACBBE51989B7980020FB67 /* Release */ = {
			isa = XCBuildConfiguration;
			baseConfigurationReference = 862B15EA62044269889AD85E /* Pods.xcconfig */;
			buildSettings = {
				ASSETCATALOG_COMPILER_APPICON_NAME = AppIcon;
				ASSETCATALOG_COMPILER_LAUNCHIMAGE_NAME = LaunchImage;
				CLANG_WARN_DEPRECATED_OBJC_IMPLEMENTATIONS = YES;
				CLANG_WARN_IMPLICIT_SIGN_CONVERSION = YES;
				CLANG_WARN_OBJC_IMPLICIT_ATOMIC_PROPERTIES = YES;
				CLANG_WARN_OBJC_IMPLICIT_RETAIN_SELF = YES;
				CLANG_WARN_OBJC_REPEATED_USE_OF_WEAK = NO;
				CODE_SIGN_IDENTITY = "iPhone Developer";
				FRAMEWORK_SEARCH_PATHS = (
					"$(inherited)",
					"$(PROJECT_DIR)/LayerKit.embeddedframework",
					"$(PROJECT_DIR)",
				);
				GCC_OPTIMIZATION_LEVEL = fast;
				GCC_PRECOMPILE_PREFIX_HEADER = YES;
				GCC_PREFIX_HEADER = "Mesh/Mesh-Prefix.pch";
				GCC_WARN_ABOUT_MISSING_NEWLINE = NO;
				GCC_WARN_MULTIPLE_DEFINITION_TYPES_FOR_SELECTOR = YES;
				GCC_WARN_PEDANTIC = NO;
				GCC_WARN_SHADOW = YES;
				GCC_WARN_UNKNOWN_PRAGMAS = YES;
				INFOPLIST_FILE = "Mesh/Mesh-Info.plist";
				IPHONEOS_DEPLOYMENT_TARGET = 7.0;
				PRODUCT_NAME = "$(TARGET_NAME)";
				TARGETED_DEVICE_FAMILY = 1;
				WRAPPER_EXTENSION = app;
			};
			name = Release;
		};
		6EACBBE71989B7980020FB67 /* Debug */ = {
			isa = XCBuildConfiguration;
			buildSettings = {
				BUNDLE_LOADER = "$(BUILT_PRODUCTS_DIR)/Mesh.app/Mesh";
				FRAMEWORK_SEARCH_PATHS = (
					"$(SDKROOT)/Developer/Library/Frameworks",
					"$(inherited)",
					"$(DEVELOPER_FRAMEWORKS_DIR)",
					"$(PROJECT_DIR)/LayerKit.embeddedframework",
					"$(PROJECT_DIR)",
				);
				GCC_PRECOMPILE_PREFIX_HEADER = YES;
				GCC_PREFIX_HEADER = "Mesh/Mesh-Prefix.pch";
				GCC_PREPROCESSOR_DEFINITIONS = (
					"DEBUG=1",
					"$(inherited)",
				);
				INFOPLIST_FILE = "MeshTests/MeshTests-Info.plist";
				PRODUCT_NAME = "$(TARGET_NAME)";
				TEST_HOST = "$(BUNDLE_LOADER)";
				WRAPPER_EXTENSION = xctest;
			};
			name = Debug;
		};
		6EACBBE81989B7980020FB67 /* Release */ = {
			isa = XCBuildConfiguration;
			buildSettings = {
				BUNDLE_LOADER = "$(BUILT_PRODUCTS_DIR)/Mesh.app/Mesh";
				FRAMEWORK_SEARCH_PATHS = (
					"$(SDKROOT)/Developer/Library/Frameworks",
					"$(inherited)",
					"$(DEVELOPER_FRAMEWORKS_DIR)",
					"$(PROJECT_DIR)/LayerKit.embeddedframework",
					"$(PROJECT_DIR)",
				);
				GCC_PRECOMPILE_PREFIX_HEADER = YES;
				GCC_PREFIX_HEADER = "Mesh/Mesh-Prefix.pch";
				INFOPLIST_FILE = "MeshTests/MeshTests-Info.plist";
				PRODUCT_NAME = "$(TARGET_NAME)";
				TEST_HOST = "$(BUNDLE_LOADER)";
				WRAPPER_EXTENSION = xctest;
			};
			name = Release;
		};
/* End XCBuildConfiguration section */

/* Begin XCConfigurationList section */
		6EACBBB21989B7980020FB67 /* Build configuration list for PBXProject "Mesh" */ = {
			isa = XCConfigurationList;
			buildConfigurations = (
				6EACBBE11989B7980020FB67 /* Debug */,
				6EACBBE21989B7980020FB67 /* Release */,
			);
			defaultConfigurationIsVisible = 0;
			defaultConfigurationName = Release;
		};
		6EACBBE31989B7980020FB67 /* Build configuration list for PBXNativeTarget "Mesh" */ = {
			isa = XCConfigurationList;
			buildConfigurations = (
				6EACBBE41989B7980020FB67 /* Debug */,
				6EACBBE51989B7980020FB67 /* Release */,
			);
			defaultConfigurationIsVisible = 0;
			defaultConfigurationName = Release;
		};
		6EACBBE61989B7980020FB67 /* Build configuration list for PBXNativeTarget "MeshTests" */ = {
			isa = XCConfigurationList;
			buildConfigurations = (
				6EACBBE71989B7980020FB67 /* Debug */,
				6EACBBE81989B7980020FB67 /* Release */,
			);
			defaultConfigurationIsVisible = 0;
			defaultConfigurationName = Release;
		};
/* End XCConfigurationList section */
	};
	rootObject = 6EACBBAF1989B7980020FB67 /* Project object */;
}
